
Microsoft Visual Studio Solution File, Format Version 12.00
# Visual Studio Version 16
VisualStudioVersion = 16.0.30907.101
MinimumVisualStudioVersion = 10.0.40219.1
Project("{FAE04EC0-301F-11D3-BF4B-00C04F79EFBC}") = "TNS.API", "TNS.API.csproj", "{88FC949D-70C8-49BE-9125-B17902D92852}"
EndProject
Project("{FAE04EC0-301F-11D3-BF4B-00C04F79EFBC}") = "TNS.Database", "..\TNS.Database\TNS.Database.csproj", "{2B13796A-C613-4754-837D-AD65897E65BE}"
EndProject
Project("{FAE04EC0-301F-11D3-BF4B-00C04F79EFBC}") = "TNS.Domain", "..\TNS.Domain\TNS.Domain.csproj", "{726EECE1-3371-448F-AEB6-43F0C3DFB0FB}"
EndProject
Project("{FAE04EC0-301F-11D3-BF4B-00C04F79EFBC}") = "TNS.Engine", "..\TNS.Engine\TNS.Engine.csproj", "{AE4A0174-8FCF-462B-B16E-FCF84FC65A47}"
EndProject
Project("{FAE04EC0-301F-11D3-BF4B-00C04F79EFBC}") = "TNS.Logic", "..\TNS.Logic\TNS.Logic.csproj", "{47D36562-0E7B-41C8-89AC-EE0023B4C57C}"
EndProject
Global
	GlobalSection(SolutionConfigurationPlatforms) = preSolution
		Debug|Any CPU = Debug|Any CPU
		Release|Any CPU = Release|Any CPU
	EndGlobalSection
	GlobalSection(ProjectConfigurationPlatforms) = postSolution
		{88FC949D-70C8-49BE-9125-B17902D92852}.Debug|Any CPU.ActiveCfg = Debug|Any CPU
		{88FC949D-70C8-49BE-9125-B17902D92852}.Debug|Any CPU.Build.0 = Debug|Any CPU
		{88FC949D-70C8-49BE-9125-B17902D92852}.Release|Any CPU.ActiveCfg = Release|Any CPU
		{88FC949D-70C8-49BE-9125-B17902D92852}.Release|Any CPU.Build.0 = Release|Any CPU
		{2B13796A-C613-4754-837D-AD65897E65BE}.Debug|Any CPU.ActiveCfg = Debug|Any CPU
		{2B13796A-C613-4754-837D-AD65897E65BE}.Debug|Any CPU.Build.0 = Debug|Any CPU
		{2B13796A-C613-4754-837D-AD65897E65BE}.Release|Any CPU.ActiveCfg = Release|Any CPU
		{2B13796A-C613-4754-837D-AD65897E65BE}.Release|Any CPU.Build.0 = Release|Any CPU
		{726EECE1-3371-448F-AEB6-43F0C3DFB0FB}.Debug|Any CPU.ActiveCfg = Debug|Any CPU
		{726EECE1-3371-448F-AEB6-43F0C3DFB0FB}.Debug|Any CPU.Build.0 = Debug|Any CPU
		{726EECE1-3371-448F-AEB6-43F0C3DFB0FB}.Release|Any CPU.ActiveCfg = Release|Any CPU
		{726EECE1-3371-448F-AEB6-43F0C3DFB0FB}.Release|Any CPU.Build.0 = Release|Any CPU
		{AE4A0174-8FCF-462B-B16E-FCF84FC65A47}.Debug|Any CPU.ActiveCfg = Debug|Any CPU
		{AE4A0174-8FCF-462B-B16E-FCF84FC65A47}.Debug|Any CPU.Build.0 = Debug|Any CPU
		{AE4A0174-8FCF-462B-B16E-FCF84FC65A47}.Release|Any CPU.ActiveCfg = Release|Any CPU
		{AE4A0174-8FCF-462B-B16E-FCF84FC65A47}.Release|Any CPU.Build.0 = Release|Any CPU
		{47D36562-0E7B-41C8-89AC-EE0023B4C57C}.Debug|Any CPU.ActiveCfg = Debug|Any CPU
		{47D36562-0E7B-41C8-89AC-EE0023B4C57C}.Debug|Any CPU.Build.0 = Debug|Any CPU
		{47D36562-0E7B-41C8-89AC-EE0023B4C57C}.Release|Any CPU.ActiveCfg = Release|Any CPU
		{47D36562-0E7B-41C8-89AC-EE0023B4C57C}.Release|Any CPU.Build.0 = Release|Any CPU
	EndGlobalSection
	GlobalSection(SolutionProperties) = preSolution
		HideSolutionNode = FALSE
	EndGlobalSection
	GlobalSection(ExtensibilityGlobals) = postSolution
		SolutionGuid = {C943372E-D589-45C7-A767-869418314106}
	EndGlobalSection
EndGlobal
